
Microsoft Visual Studio Solution File, Format Version 11.00
# Visual Studio 2010
Project("{8BC9CEB8-8B4A-11D0-8D11-00A0C91BC942}") = "opencv_proj", "opencv_proj\opencv_proj.vcxproj", "{A29C42CB-96E0-4F14-B375-53FCBA9BF647}"
EndProject
Project("{8BC9CEB8-8B4A-11D0-8D11-00A0C91BC942}") = "decoder", "decoder\decoder.vcxproj", "{682A086D-29C6-4413-8B0D-7F594DC115B1}"
EndProject
Project("{8BC9CEB8-8B4A-11D0-8D11-00A0C91BC942}") = "visual_proj", "visual_proj\visual_proj.vcxproj", "{BB881CA9-59B4-4DA3-B1CD-EB136EB54A31}"
EndProject
Global
	GlobalSection(SolutionConfigurationPlatforms) = preSolution
		Debug|Win32 = Debug|Win32
		Release|Win32 = Release|Win32
	EndGlobalSection
	GlobalSection(ProjectConfigurationPlatforms) = postSolution
		{A29C42CB-96E0-4F14-B375-53FCBA9BF647}.Debug|Win32.ActiveCfg = Debug|Win32
		{A29C42CB-96E0-4F14-B375-53FCBA9BF647}.Debug|Win32.Build.0 = Debug|Win32
		{A29C42CB-96E0-4F14-B375-53FCBA9BF647}.Release|Win32.ActiveCfg = Release|Win32
		{A29C42CB-96E0-4F14-B375-53FCBA9BF647}.Release|Win32.Build.0 = Release|Win32
		{682A086D-29C6-4413-8B0D-7F594DC115B1}.Debug|Win32.ActiveCfg = Debug|Win32
		{682A086D-29C6-4413-8B0D-7F594DC115B1}.Debug|Win32.Build.0 = Debug|Win32
		{682A086D-29C6-4413-8B0D-7F594DC115B1}.Release|Win32.ActiveCfg = Release|Win32
		{682A086D-29C6-4413-8B0D-7F594DC115B1}.Release|Win32.Build.0 = Release|Win32
		{BB881CA9-59B4-4DA3-B1CD-EB136EB54A31}.Debug|Win32.ActiveCfg = Debug|Win32
		{BB881CA9-59B4-4DA3-B1CD-EB136EB54A31}.Debug|Win32.Build.0 = Debug|Win32
		{BB881CA9-59B4-4DA3-B1CD-EB136EB54A31}.Release|Win32.ActiveCfg = Release|Win32
		{BB881CA9-59B4-4DA3-B1CD-EB136EB54A31}.Release|Win32.Build.0 = Release|Win32
	EndGlobalSection
	GlobalSection(SolutionProperties) = preSolution
		HideSolutionNode = FALSE
	EndGlobalSection
EndGlobal
